
Microsoft Visual Studio Solution File, Format Version 12.00
# Visual Studio Version 16
VisualStudioVersion = 16.0.29905.134
MinimumVisualStudioVersion = 10.0.40219.1
Project("{FAE04EC0-301F-11D3-BF4B-00C04F79EFBC}") = "LibraryDemo.Core", "LibraryDemo.Core\LibraryDemo.Core.csproj", "{5873DAF8-48D0-4C6F-8B3B-37B0B11BB8D9}"
EndProject
Project("{FAE04EC0-301F-11D3-BF4B-00C04F79EFBC}") = "LibraryDemo.GUI", "LibraryDemo.GUI\LibraryDemo.GUI.csproj", "{3C2DEE9F-47B8-4785-B254-0A991CFA32FE}"
EndProject
Project("{FAE04EC0-301F-11D3-BF4B-00C04F79EFBC}") = "LibraryDemo.ConsoleUI", "LibraryDemo.ConsoleUI\LibraryDemo.ConsoleUI.csproj", "{A47E895B-09EA-430D-A0D0-ECEEDEDC2225}"
EndProject
Global
	GlobalSection(SolutionConfigurationPlatforms) = preSolution
		Debug|Any CPU = Debug|Any CPU
		Release|Any CPU = Release|Any CPU
	EndGlobalSection
	GlobalSection(ProjectConfigurationPlatforms) = postSolution
		{5873DAF8-48D0-4C6F-8B3B-37B0B11BB8D9}.Debug|Any CPU.ActiveCfg = Debug|Any CPU
		{5873DAF8-48D0-4C6F-8B3B-37B0B11BB8D9}.Debug|Any CPU.Build.0 = Debug|Any CPU
		{5873DAF8-48D0-4C6F-8B3B-37B0B11BB8D9}.Release|Any CPU.ActiveCfg = Release|Any CPU
		{5873DAF8-48D0-4C6F-8B3B-37B0B11BB8D9}.Release|Any CPU.Build.0 = Release|Any CPU
		{3C2DEE9F-47B8-4785-B254-0A991CFA32FE}.Debug|Any CPU.ActiveCfg = Debug|Any CPU
		{3C2DEE9F-47B8-4785-B254-0A991CFA32FE}.Debug|Any CPU.Build.0 = Debug|Any CPU
		{3C2DEE9F-47B8-4785-B254-0A991CFA32FE}.Release|Any CPU.ActiveCfg = Release|Any CPU
		{3C2DEE9F-47B8-4785-B254-0A991CFA32FE}.Release|Any CPU.Build.0 = Release|Any CPU
		{A47E895B-09EA-430D-A0D0-ECEEDEDC2225}.Debug|Any CPU.ActiveCfg = Debug|Any CPU
		{A47E895B-09EA-430D-A0D0-ECEEDEDC2225}.Debug|Any CPU.Build.0 = Debug|Any CPU
		{A47E895B-09EA-430D-A0D0-ECEEDEDC2225}.Release|Any CPU.ActiveCfg = Release|Any CPU
		{A47E895B-09EA-430D-A0D0-ECEEDEDC2225}.Release|Any CPU.Build.0 = Release|Any CPU
	EndGlobalSection
	GlobalSection(SolutionProperties) = preSolution
		HideSolutionNode = FALSE
	EndGlobalSection
	GlobalSection(ExtensibilityGlobals) = postSolution
		SolutionGuid = {5D809306-7945-490B-A21D-927C3A6F99DF}
	EndGlobalSection
EndGlobal
